
Microsoft Visual Studio Solution File, Format Version 12.00
# Visual Studio Version 16
VisualStudioVersion = 16.0.29519.181
MinimumVisualStudioVersion = 10.0.40219.1
Project("{FAE04EC0-301F-11D3-BF4B-00C04F79EFBC}") = "Learningweb", "Learningweb\Learningweb.csproj", "{5A545972-3647-4324-A1EB-05DA186FB5C4}"
EndProject
Project("{FAE04EC0-301F-11D3-BF4B-00C04F79EFBC}") = "UnitTestProject2", "UnitTestProject2\UnitTestProject2.csproj", "{CA84BCC1-E122-4BB5-B2AD-B39F4C5AEC1F}"
EndProject
Global
	GlobalSection(SolutionConfigurationPlatforms) = preSolution
		Debug|Any CPU = Debug|Any CPU
		Release|Any CPU = Release|Any CPU
	EndGlobalSection
	GlobalSection(ProjectConfigurationPlatforms) = postSolution
		{5A545972-3647-4324-A1EB-05DA186FB5C4}.Debug|Any CPU.ActiveCfg = Debug|Any CPU
		{5A545972-3647-4324-A1EB-05DA186FB5C4}.Debug|Any CPU.Build.0 = Debug|Any CPU
		{5A545972-3647-4324-A1EB-05DA186FB5C4}.Release|Any CPU.ActiveCfg = Release|Any CPU
		{5A545972-3647-4324-A1EB-05DA186FB5C4}.Release|Any CPU.Build.0 = Release|Any CPU
		{CA84BCC1-E122-4BB5-B2AD-B39F4C5AEC1F}.Debug|Any CPU.ActiveCfg = Debug|Any CPU
		{CA84BCC1-E122-4BB5-B2AD-B39F4C5AEC1F}.Debug|Any CPU.Build.0 = Debug|Any CPU
		{CA84BCC1-E122-4BB5-B2AD-B39F4C5AEC1F}.Release|Any CPU.ActiveCfg = Release|Any CPU
		{CA84BCC1-E122-4BB5-B2AD-B39F4C5AEC1F}.Release|Any CPU.Build.0 = Release|Any CPU
	EndGlobalSection
	GlobalSection(SolutionProperties) = preSolution
		HideSolutionNode = FALSE
	EndGlobalSection
	GlobalSection(ExtensibilityGlobals) = postSolution
		SolutionGuid = {8C9C7A72-4DE5-4758-9D02-5A07C2CC7D66}
	EndGlobalSection
EndGlobal
